
Microsoft Visual Studio Solution File, Format Version 12.00
# Visual Studio Version 17
VisualStudioVersion = 17.14.36518.9
MinimumVisualStudioVersion = 10.0.40219.1
Project("{2150E333-8FDC-42A3-9474-1A3956D46DE8}") = "Core", "Core", "{02EA681E-C7D8-13C7-8484-4AC65E1B71E8}"
EndProject
Project("{2150E333-8FDC-42A3-9474-1A3956D46DE8}") = "API", "API", "{A608E89F-79EF-4FCD-AB98-D76C8595FF21}"
EndProject
Project("{2150E333-8FDC-42A3-9474-1A3956D46DE8}") = "Infraestructura", "Infraestructura", "{C611A45D-C865-47F8-9866-EA308C766D71}"
EndProject
Project("{2150E333-8FDC-42A3-9474-1A3956D46DE8}") = "Pruebas", "Pruebas", "{2FE4ED07-38FF-40A2-82EC-E31765B05352}"
EndProject
Project("{FAE04EC0-301F-11D3-BF4B-00C04F79EFBC}") = "DientesLimpios.Dominio", "DientesLimpios.Dominio\DientesLimpios.Dominio.csproj", "{1706DA57-8D8B-4EAB-A79F-28AC95EC2E56}"
EndProject
Project("{FAE04EC0-301F-11D3-BF4B-00C04F79EFBC}") = "DientesLimpios.Pruebas", "DientesLimpios.Pruebas\DientesLimpios.Pruebas.csproj", "{8A53641F-E7C3-4778-950E-06A5FF005164}"
EndProject
Project("{FAE04EC0-301F-11D3-BF4B-00C04F79EFBC}") = "DientesLimpios.Aplicacion", "DientesLimpios.Aplicacion\DientesLimpios.Aplicacion.csproj", "{C0505B5A-AD49-4923-A8FA-8A4AAFFF4E9F}"
EndProject
Project("{FAE04EC0-301F-11D3-BF4B-00C04F79EFBC}") = "DientesLimpios.Persistencia", "DientesLimpios.Persistencia\DientesLimpios.Persistencia.csproj", "{7245B99F-3DDC-4B73-887A-AA5680CC2577}"
EndProject
Project("{FAE04EC0-301F-11D3-BF4B-00C04F79EFBC}") = "DientesLimpios.API", "DientesLimpios.API\DientesLimpios.API.csproj", "{5691BC62-3295-4C5D-83D9-020BBD6DD12A}"
EndProject
Project("{FAE04EC0-301F-11D3-BF4B-00C04F79EFBC}") = "DientesLimpios.Infraestructura", "DientesLimpios.Infraestructura\DientesLimpios.Infraestructura.csproj", "{C3D56F3B-3417-4BEB-9A91-252F929F907B}"
EndProject
Global
	GlobalSection(SolutionConfigurationPlatforms) = preSolution
		Debug|Any CPU = Debug|Any CPU
		Release|Any CPU = Release|Any CPU
	EndGlobalSection
	GlobalSection(ProjectConfigurationPlatforms) = postSolution
		{1706DA57-8D8B-4EAB-A79F-28AC95EC2E56}.Debug|Any CPU.ActiveCfg = Debug|Any CPU
		{1706DA57-8D8B-4EAB-A79F-28AC95EC2E56}.Debug|Any CPU.Build.0 = Debug|Any CPU
		{1706DA57-8D8B-4EAB-A79F-28AC95EC2E56}.Release|Any CPU.ActiveCfg = Release|Any CPU
		{1706DA57-8D8B-4EAB-A79F-28AC95EC2E56}.Release|Any CPU.Build.0 = Release|Any CPU
		{8A53641F-E7C3-4778-950E-06A5FF005164}.Debug|Any CPU.ActiveCfg = Debug|Any CPU
		{8A53641F-E7C3-4778-950E-06A5FF005164}.Debug|Any CPU.Build.0 = Debug|Any CPU
		{8A53641F-E7C3-4778-950E-06A5FF005164}.Release|Any CPU.ActiveCfg = Release|Any CPU
		{8A53641F-E7C3-4778-950E-06A5FF005164}.Release|Any CPU.Build.0 = Release|Any CPU
		{C0505B5A-AD49-4923-A8FA-8A4AAFFF4E9F}.Debug|Any CPU.ActiveCfg = Debug|Any CPU
		{C0505B5A-AD49-4923-A8FA-8A4AAFFF4E9F}.Debug|Any CPU.Build.0 = Debug|Any CPU
		{C0505B5A-AD49-4923-A8FA-8A4AAFFF4E9F}.Release|Any CPU.ActiveCfg = Release|Any CPU
		{C0505B5A-AD49-4923-A8FA-8A4AAFFF4E9F}.Release|Any CPU.Build.0 = Release|Any CPU
		{7245B99F-3DDC-4B73-887A-AA5680CC2577}.Debug|Any CPU.ActiveCfg = Debug|Any CPU
		{7245B99F-3DDC-4B73-887A-AA5680CC2577}.Debug|Any CPU.Build.0 = Debug|Any CPU
		{7245B99F-3DDC-4B73-887A-AA5680CC2577}.Release|Any CPU.ActiveCfg = Release|Any CPU
		{7245B99F-3DDC-4B73-887A-AA5680CC2577}.Release|Any CPU.Build.0 = Release|Any CPU
		{5691BC62-3295-4C5D-83D9-020BBD6DD12A}.Debug|Any CPU.ActiveCfg = Debug|Any CPU
		{5691BC62-3295-4C5D-83D9-020BBD6DD12A}.Debug|Any CPU.Build.0 = Debug|Any CPU
		{5691BC62-3295-4C5D-83D9-020BBD6DD12A}.Release|Any CPU.ActiveCfg = Release|Any CPU
		{5691BC62-3295-4C5D-83D9-020BBD6DD12A}.Release|Any CPU.Build.0 = Release|Any CPU
		{C3D56F3B-3417-4BEB-9A91-252F929F907B}.Debug|Any CPU.ActiveCfg = Debug|Any CPU
		{C3D56F3B-3417-4BEB-9A91-252F929F907B}.Debug|Any CPU.Build.0 = Debug|Any CPU
		{C3D56F3B-3417-4BEB-9A91-252F929F907B}.Release|Any CPU.ActiveCfg = Release|Any CPU
		{C3D56F3B-3417-4BEB-9A91-252F929F907B}.Release|Any CPU.Build.0 = Release|Any CPU
	EndGlobalSection
	GlobalSection(SolutionProperties) = preSolution
		HideSolutionNode = FALSE
	EndGlobalSection
	GlobalSection(NestedProjects) = preSolution
		{1706DA57-8D8B-4EAB-A79F-28AC95EC2E56} = {02EA681E-C7D8-13C7-8484-4AC65E1B71E8}
		{8A53641F-E7C3-4778-950E-06A5FF005164} = {2FE4ED07-38FF-40A2-82EC-E31765B05352}
		{C0505B5A-AD49-4923-A8FA-8A4AAFFF4E9F} = {02EA681E-C7D8-13C7-8484-4AC65E1B71E8}
		{7245B99F-3DDC-4B73-887A-AA5680CC2577} = {C611A45D-C865-47F8-9866-EA308C766D71}
		{5691BC62-3295-4C5D-83D9-020BBD6DD12A} = {A608E89F-79EF-4FCD-AB98-D76C8595FF21}
		{C3D56F3B-3417-4BEB-9A91-252F929F907B} = {C611A45D-C865-47F8-9866-EA308C766D71}
	EndGlobalSection
	GlobalSection(ExtensibilityGlobals) = postSolution
		SolutionGuid = {0024A487-E1C6-4D81-8CFC-05A6AF054898}
	EndGlobalSection
EndGlobal
